
Microsoft Visual Studio Solution File, Format Version 12.00
# Visual Studio Version 16
VisualStudioVersion = 16.0.29806.167
MinimumVisualStudioVersion = 10.0.40219.1
Project("{FAE04EC0-301F-11D3-BF4B-00C04F79EFBC}") = "Breaker.Helpers", "Breaker.Helpers\Breaker.Helpers.csproj", "{75F8637C-3891-4BF2-A5A0-9355BF81975D}"
EndProject
Global
	GlobalSection(SolutionConfigurationPlatforms) = preSolution
		Debug|Any CPU = Debug|Any CPU
		Release|Any CPU = Release|Any CPU
	EndGlobalSection
	GlobalSection(ProjectConfigurationPlatforms) = postSolution
		{75F8637C-3891-4BF2-A5A0-9355BF81975D}.Debug|Any CPU.ActiveCfg = Debug|Any CPU
		{75F8637C-3891-4BF2-A5A0-9355BF81975D}.Debug|Any CPU.Build.0 = Debug|Any CPU
		{75F8637C-3891-4BF2-A5A0-9355BF81975D}.Release|Any CPU.ActiveCfg = Release|Any CPU
		{75F8637C-3891-4BF2-A5A0-9355BF81975D}.Release|Any CPU.Build.0 = Release|Any CPU
	EndGlobalSection
	GlobalSection(SolutionProperties) = preSolution
		HideSolutionNode = FALSE
	EndGlobalSection
	GlobalSection(ExtensibilityGlobals) = postSolution
		SolutionGuid = {509AB9E8-3E3F-4AB1-9BFD-B430047168CF}
	EndGlobalSection
EndGlobal
